
Microsoft Visual Studio Solution File, Format Version 12.00
# Visual Studio Version 16
VisualStudioVersion = 16.0.30406.217
MinimumVisualStudioVersion = 10.0.40219.1
Project("{FAE04EC0-301F-11D3-BF4B-00C04F79EFBC}") = "SQLFormatExtension", "SQLFormatExtension\SQLFormatExtension.csproj", "{81DC0FDA-F7B5-46EA-AE82-44944AEB2D59}"
EndProject
Global
	GlobalSection(SolutionConfigurationPlatforms) = preSolution
		Debug|Any CPU = Debug|Any CPU
		Release|Any CPU = Release|Any CPU
	EndGlobalSection
	GlobalSection(ProjectConfigurationPlatforms) = postSolution
		{81DC0FDA-F7B5-46EA-AE82-44944AEB2D59}.Debug|Any CPU.ActiveCfg = Debug|Any CPU
		{81DC0FDA-F7B5-46EA-AE82-44944AEB2D59}.Debug|Any CPU.Build.0 = Debug|Any CPU
		{81DC0FDA-F7B5-46EA-AE82-44944AEB2D59}.Release|Any CPU.ActiveCfg = Release|Any CPU
		{81DC0FDA-F7B5-46EA-AE82-44944AEB2D59}.Release|Any CPU.Build.0 = Release|Any CPU
	EndGlobalSection
	GlobalSection(SolutionProperties) = preSolution
		HideSolutionNode = FALSE
	EndGlobalSection
	GlobalSection(ExtensibilityGlobals) = postSolution
		SolutionGuid = {6D07D99C-7FA9-46CD-AFFF-3251BAA40153}
	EndGlobalSection
EndGlobal
